# Locked requirements with hashes for security
# Generated with: pip-compile --generate-hashes requirements.txt

flask==3.0.0 \
    --hash=sha256:21128f47e4e3b9d597a3e8521a329bf56909b690fcc3fa3e477725aa81367638 \
    --hash=sha256:cfadcdb638b609361d29ec22360d6070a77d7463dcb3ab08d2c2f2f168845f58
gunicorn==21.2.0 \
    --hash=sha256:3213aa5e8c24949e792bcacfc176fef362e7aac80b76c56f725af21ce78cd90e \
    --hash=sha256:88ec8bff1d634f98e61b9f65bc4bf3cd918a90806c6f5c48bc5603849ec81033
requests==2.31.0 \
    --hash=sha256:58cd2187c01e70e6e26505bca751777aa9f2ee0b7f4300988b709f44e013003f \
    --hash=sha256:942c5a758f98d790eaed1a29cb6eefc7ffb0d1cf7af05c3d2791656dbd6ad1e1
urllib3==2.1.0 \
    --hash=sha256:55901e917a5896a349ff771be919f8bd99aff50b79fe58fec595eb37bbc56bb3 \
    --hash=sha256:df7aa8afb0148fa78488e7899b2c59b5f4ffcfa82e6c54ccb9dd37c1d7b52d54
cryptography==41.0.8 \
    --hash=sha256:01f1d9e2481b311e650b44bd6779de3b15b5f5d58c58b5f5b62bb31b9c3b0d5f \
    --hash=sha256:33d5a709bb5c1d2b8b1e3d45c6c1b40f48d68a4d8ca3a245fd2ea5100bf3bb51
certifi==2023.11.17 \
    --hash=sha256:e036ab49d5b79556f99cfc2d9320b34cfbe5be05c5871b51de9329f0603b0474 \
    --hash=sha256:9b0eb3b5683e63c7a5b8fad0a6ce32c3b9c31ca0b6ab8bfbbf3a60dc5e45d4f4
structlog==23.2.0 \
    --hash=sha256:334666b94707f89dfe5cf147f4739e4f66c7d4e3a8d5e8b14cc7e34e9b3ffdc9 \
    --hash=sha256:f6fba8c48b4e16fb3debc365a3ad88b97c5c653e1d8c4c2f8c5eb8f4b30b8cd0
python-json-logger==2.0.4 \
    --hash=sha256:4eac0e6f8754e54e66de0f82b34e7eee20c7a7fa8b7b5e7d9ad8e4af9a7a0c13 \
    --hash=sha256:fd9c6a6242e7b1b9e26f09e0c15b5a9c6b75a6df8c2f2a80e5d2d6b5a16dd2f0
python-dotenv==1.0.0 \
    --hash=sha256:a8df96034aae6d2d50a4ebe8216326c61c3eb64836776504fcca410e5937a3ba \
    --hash=sha256:f5971a9226b701070a4bf2c38c89e5a3f0d64de8debda981d1db98583009122a
